PODS:
  - Flutter (1.0.0)
  - git_info_plus (0.0.1):
    - Flutter

DEPENDENCIES:
  - Flutter (from `Flutter`)
  - git_info_plus (from `.symlinks/plugins/git_info_plus/ios`)

EXTERNAL SOURCES:
  Flutter:
    :path: Flutter
  git_info_plus:
    :path: ".symlinks/plugins/git_info_plus/ios"

SPEC CHECKSUMS:
  Flutter: e0871f40cf51350855a761d2e70bf5af5b9b5de7
  git_info_plus: a991900803f44008f4b25cdc7e39e439681ff1c8

PODFILE CHECKSUM: aafe91acc616949ddb318b77800a7f51bffa2a4c

COCOAPODS: 1.11.3
